
Microsoft Visual Studio Solution File, Format Version 12.00
# Visual Studio Version 17
VisualStudioVersion = 17.11.35327.3
MinimumVisualStudioVersion = 10.0.40219.1
Project("{9A19103F-16F7-4668-BE54-9A1E7A4F7556}") = "DemoAPI", "DemoAPI\DemoAPI.csproj", "{24F6DBF7-0EBE-4991-89B7-8D9B702B1C8F}"
EndProject
Project("{FAE04EC0-301F-11D3-BF4B-00C04F79EFBC}") = "Demo.Application", "Demo.Application\Demo.Application.csproj", "{A9F640EF-C113-4312-B55E-6D8D784F7A96}"
EndProject
Project("{FAE04EC0-301F-11D3-BF4B-00C04F79EFBC}") = "Demo.Contracts", "Demo.Contracts\Demo.Contracts.csproj", "{BC1CD216-2DFA-45C1-8670-5C9C35C9C53F}"
EndProject
Project("{FAE04EC0-301F-11D3-BF4B-00C04F79EFBC}") = "Demo.Domain", "Demo.Domain\Demo.Domain.csproj", "{02EFB70C-46EA-4DD7-ABC0-D149EA90DC98}"
EndProject
Project("{FAE04EC0-301F-11D3-BF4B-00C04F79EFBC}") = "Demo.Infrastructure", "Demo.Infrastructure\Demo.Infrastructure.csproj", "{5EEFAFBB-AEEB-49A6-9135-40491602BDB6}"
EndProject
Global
	GlobalSection(SolutionConfigurationPlatforms) = preSolution
		Debug|Any CPU = Debug|Any CPU
		Release|Any CPU = Release|Any CPU
	EndGlobalSection
	GlobalSection(ProjectConfigurationPlatforms) = postSolution
		{24F6DBF7-0EBE-4991-89B7-8D9B702B1C8F}.Debug|Any CPU.ActiveCfg = Debug|Any CPU
		{24F6DBF7-0EBE-4991-89B7-8D9B702B1C8F}.Debug|Any CPU.Build.0 = Debug|Any CPU
		{24F6DBF7-0EBE-4991-89B7-8D9B702B1C8F}.Release|Any CPU.ActiveCfg = Release|Any CPU
		{24F6DBF7-0EBE-4991-89B7-8D9B702B1C8F}.Release|Any CPU.Build.0 = Release|Any CPU
		{A9F640EF-C113-4312-B55E-6D8D784F7A96}.Debug|Any CPU.ActiveCfg = Debug|Any CPU
		{A9F640EF-C113-4312-B55E-6D8D784F7A96}.Debug|Any CPU.Build.0 = Debug|Any CPU
		{A9F640EF-C113-4312-B55E-6D8D784F7A96}.Release|Any CPU.ActiveCfg = Release|Any CPU
		{A9F640EF-C113-4312-B55E-6D8D784F7A96}.Release|Any CPU.Build.0 = Release|Any CPU
		{BC1CD216-2DFA-45C1-8670-5C9C35C9C53F}.Debug|Any CPU.ActiveCfg = Debug|Any CPU
		{BC1CD216-2DFA-45C1-8670-5C9C35C9C53F}.Debug|Any CPU.Build.0 = Debug|Any CPU
		{BC1CD216-2DFA-45C1-8670-5C9C35C9C53F}.Release|Any CPU.ActiveCfg = Release|Any CPU
		{BC1CD216-2DFA-45C1-8670-5C9C35C9C53F}.Release|Any CPU.Build.0 = Release|Any CPU
		{02EFB70C-46EA-4DD7-ABC0-D149EA90DC98}.Debug|Any CPU.ActiveCfg = Debug|Any CPU
		{02EFB70C-46EA-4DD7-ABC0-D149EA90DC98}.Debug|Any CPU.Build.0 = Debug|Any CPU
		{02EFB70C-46EA-4DD7-ABC0-D149EA90DC98}.Release|Any CPU.ActiveCfg = Release|Any CPU
		{02EFB70C-46EA-4DD7-ABC0-D149EA90DC98}.Release|Any CPU.Build.0 = Release|Any CPU
		{5EEFAFBB-AEEB-49A6-9135-40491602BDB6}.Debug|Any CPU.ActiveCfg = Debug|Any CPU
		{5EEFAFBB-AEEB-49A6-9135-40491602BDB6}.Debug|Any CPU.Build.0 = Debug|Any CPU
		{5EEFAFBB-AEEB-49A6-9135-40491602BDB6}.Release|Any CPU.ActiveCfg = Release|Any CPU
		{5EEFAFBB-AEEB-49A6-9135-40491602BDB6}.Release|Any CPU.Build.0 = Release|Any CPU
	EndGlobalSection
	GlobalSection(SolutionProperties) = preSolution
		HideSolutionNode = FALSE
	EndGlobalSection
	GlobalSection(ExtensibilityGlobals) = postSolution
		SolutionGuid = {2F0BD93D-AE8B-4655-AD43-AD3EC93CCD26}
	EndGlobalSection
EndGlobal
